// !$*UTF8*$!
{
	archiveVersion = 1;
	classes = {
	};
	objectVersion = 56;
	objects = {

/* Begin PBXBuildFile section */
		9BC8556D295E37E700CCD3A8 /* FeedViewController.swift in Sources */ = {isa = PBXBuildFile; fileRef = 9BC8556C295E37E700CCD3A8 /* FeedViewController.swift */; };
		9BC8556F295E381A00CCD3A8 /* UploadViewController.swift in Sources */ = {isa = PBXBuildFile; fileRef = 9BC8556E295E381A00CCD3A8 /* UploadViewController.swift */; };
		9BC85571295E383000CCD3A8 /* SettingsViewController.swift in Sources */ = {isa = PBXBuildFile; fileRef = 9BC85570295E383000CCD3A8 /* SettingsViewController.swift */; };
		9BD2606029636A0000AA78EB /* FeedCell.swift in Sources */ = {isa = PBXBuildFile; fileRef = 9BD2605F29636A0000AA78EB /* FeedCell.swift */; };
		9BD260632963852800AA78EB /* SDWebImage in Frameworks */ = {isa = PBXBuildFile; productRef = 9BD260622963852800AA78EB /* SDWebImage */; };
		9BD9A826295CBB9300DCF551 /* AppDelegate.swift in Sources */ = {isa = PBXBuildFile; fileRef = 9BD9A825295CBB9300DCF551 /* AppDelegate.swift */; };
		9BD9A828295CBB9300DCF551 /* SceneDelegate.swift in Sources */ = {isa = PBXBuildFile; fileRef = 9BD9A827295CBB9300DCF551 /* SceneDelegate.swift */; };
		9BD9A82A295CBB9300DCF551 /* ViewController.swift in Sources */ = {isa = PBXBuildFile; fileRef = 9BD9A829295CBB9300DCF551 /* ViewController.swift */; };
		9BD9A82D295CBB9300DCF551 /* Main.storyboard in Resources */ = {isa = PBXBuildFile; fileRef = 9BD9A82B295CBB9300DCF551 /* Main.storyboard */; };
		9BD9A82F295CBB9300DCF551 /* Assets.xcassets in Resources */ = {isa = PBXBuildFile; fileRef = 9BD9A82E295CBB9300DCF551 /* Assets.xcassets */; };
		9BD9A832295CBB9300DCF551 /* LaunchScreen.storyboard in Resources */ = {isa = PBXBuildFile; fileRef = 9BD9A830295CBB9300DCF551 /* LaunchScreen.storyboard */; };
		9BD9A83A295CBBAA00DCF551 /* GoogleService-Info.plist in Resources */ = {isa = PBXBuildFile; fileRef = 9BD9A839295CBBAA00DCF551 /* GoogleService-Info.plist */; };
		9BD9A83D295CBD4300DCF551 /* FirebaseAuth in Frameworks */ = {isa = PBXBuildFile; productRef = 9BD9A83C295CBD4300DCF551 /* FirebaseAuth */; };
		9BD9A83F295CBD4300DCF551 /* FirebaseFirestore in Frameworks */ = {isa = PBXBuildFile; productRef = 9BD9A83E295CBD4300DCF551 /* FirebaseFirestore */; };
		9BD9A841295CBD4300DCF551 /* FirebaseStorage in Frameworks */ = {isa = PBXBuildFile; productRef = 9BD9A840295CBD4300DCF551 /* FirebaseStorage */; };
/* End PBXBuildFile section */

/* Begin PBXFileReference section */
		9BC8556C295E37E700CCD3A8 /* FeedViewController.swift */ = {isa = PBXFileReference; lastKnownFileType = sourcecode.swift; path = FeedViewController.swift; sourceTree = "<group>"; };
		9BC8556E295E381A00CCD3A8 /* UploadViewController.swift */ = {isa = PBXFileReference; lastKnownFileType = sourcecode.swift; path = UploadViewController.swift; sourceTree = "<group>"; };
		9BC85570295E383000CCD3A8 /* SettingsViewController.swift */ = {isa = PBXFileReference; lastKnownFileType = sourcecode.swift; path = SettingsViewController.swift; sourceTree = "<group>"; };
		9BD2605F29636A0000AA78EB /* FeedCell.swift */ = {isa = PBXFileReference; lastKnownFileType = sourcecode.swift; path = FeedCell.swift; sourceTree = "<group>"; };
		9BD9A822295CBB9300DCF551 /* PhotoSharingApp.app */ = {isa = PBXFileReference; explicitFileType = wrapper.application; includeInIndex = 0; path = PhotoSharingApp.app; sourceTree = BUILT_PRODUCTS_DIR; };
		9BD9A825295CBB9300DCF551 /* AppDelegate.swift */ = {isa = PBXFileReference; lastKnownFileType = sourcecode.swift; path = AppDelegate.swift; sourceTree = "<group>"; };
		9BD9A827295CBB9300DCF551 /* SceneDelegate.swift */ = {isa = PBXFileReference; lastKnownFileType = sourcecode.swift; path = SceneDelegate.swift; sourceTree = "<group>"; };
		9BD9A829295CBB9300DCF551 /* ViewController.swift */ = {isa = PBXFileReference; lastKnownFileType = sourcecode.swift; path = ViewController.swift; sourceTree = "<group>"; };
		9BD9A82C295CBB9300DCF551 /* Base */ = {isa = PBXFileReference; lastKnownFileType = file.storyboard; name = Base; path = Base.lproj/Main.storyboard; sourceTree = "<group>"; };
		9BD9A82E295CBB9300DCF551 /* Assets.xcassets */ = {isa = PBXFileReference; lastKnownFileType = folder.assetcatalog; path = Assets.xcassets; sourceTree = "<group>"; };
		9BD9A831295CBB9300DCF551 /* Base */ = {isa = PBXFileReference; lastKnownFileType = file.storyboard; name = Base; path = Base.lproj/LaunchScreen.storyboard; sourceTree = "<group>"; };
		9BD9A833295CBB9300DCF551 /* Info.plist */ = {isa = PBXFileReference; lastKnownFileType = text.plist.xml; path = Info.plist; sourceTree = "<group>"; };
		9BD9A839295CBBAA00DCF551 /* GoogleService-Info.plist */ = {isa = PBXFileReference; fileEncoding = 4; lastKnownFileType = text.plist.xml; path = "GoogleService-Info.plist"; sourceTree = "<group>"; };
/* End PBXFileReference section */

/* Begin PBXFrameworksBuildPhase section */
		9BD9A81F295CBB9300DCF551 /* Frameworks */ = {
			isa = PBXFrameworksBuildPhase;
			buildActionMask = 2147483647;
			files = (
				9BD9A83D295CBD4300DCF551 /* FirebaseAuth in Frameworks */,
				9BD9A83F295CBD4300DCF551 /* FirebaseFirestore in Frameworks */,
				9BD260632963852800AA78EB /* SDWebImage in Frameworks */,
				9BD9A841295CBD4300DCF551 /* FirebaseStorage in Frameworks */,
			);
			runOnlyForDeploymentPostprocessing = 0;
		};
/* End PBXFrameworksBuildPhase section */

/* Begin PBXGroup section */
		9BD9A819295CBB9300DCF551 = {
			isa = PBXGroup;
			children = (
				9BD9A824295CBB9300DCF551 /* PhotoSharingApp */,
				9BD9A823295CBB9300DCF551 /* Products */,
			);
			sourceTree = "<group>";
		};
		9BD9A823295CBB9300DCF551 /* Products */ = {
			isa = PBXGroup;
			children = (
				9BD9A822295CBB9300DCF551 /* PhotoSharingApp.app */,
			);
			name = Products;
			sourceTree = "<group>";
		};
		9BD9A824295CBB9300DCF551 /* PhotoSharingApp */ = {
			isa = PBXGroup;
			children = (
				9BD9A825295CBB9300DCF551 /* AppDelegate.swift */,
				9BD9A827295CBB9300DCF551 /* SceneDelegate.swift */,
				9BD9A829295CBB9300DCF551 /* ViewController.swift */,
				9BC8556C295E37E700CCD3A8 /* FeedViewController.swift */,
				9BC8556E295E381A00CCD3A8 /* UploadViewController.swift */,
				9BC85570295E383000CCD3A8 /* SettingsViewController.swift */,
				9BD2605F29636A0000AA78EB /* FeedCell.swift */,
				9BD9A82B295CBB9300DCF551 /* Main.storyboard */,
				9BD9A82E295CBB9300DCF551 /* Assets.xcassets */,
				9BD9A830295CBB9300DCF551 /* LaunchScreen.storyboard */,
				9BD9A833295CBB9300DCF551 /* Info.plist */,
				9BD9A839295CBBAA00DCF551 /* GoogleService-Info.plist */,
			);
			path = PhotoSharingApp;
			sourceTree = "<group>";
		};
/* End PBXGroup section */

/* Begin PBXNativeTarget section */
		9BD9A821295CBB9300DCF551 /* PhotoSharingApp */ = {
			isa = PBXNativeTarget;
			buildConfigurationList = 9BD9A836295CBB9300DCF551 /* Build configuration list for PBXNativeTarget "PhotoSharingApp" */;
			buildPhases = (
				9BD9A81E295CBB9300DCF551 /* Sources */,
				9BD9A81F295CBB9300DCF551 /* Frameworks */,
				9BD9A820295CBB9300DCF551 /* Resources */,
			);
			buildRules = (
			);
			dependencies = (
			);
			name = PhotoSharingApp;
			packageProductDependencies = (
				9BD9A83C295CBD4300DCF551 /* FirebaseAuth */,
				9BD9A83E295CBD4300DCF551 /* FirebaseFirestore */,
				9BD9A840295CBD4300DCF551 /* FirebaseStorage */,
				9BD260622963852800AA78EB /* SDWebImage */,
			);
			productName = PhotoSharingApp;
			productReference = 9BD9A822295CBB9300DCF551 /* PhotoSharingApp.app */;
			productType = "com.apple.product-type.application";
		};
/* End PBXNativeTarget section */

/* Begin PBXProject section */
		9BD9A81A295CBB9300DCF551 /* Project object */ = {
			isa = PBXProject;
			attributes = {
				BuildIndependentTargetsInParallel = 1;
				LastSwiftUpdateCheck = 1420;
				LastUpgradeCheck = 1420;
				TargetAttributes = {
					9BD9A821295CBB9300DCF551 = {
						CreatedOnToolsVersion = 14.2;
					};
				};
			};
			buildConfigurationList = 9BD9A81D295CBB9300DCF551 /* Build configuration list for PBXProject "PhotoSharingApp" */;
			compatibilityVersion = "Xcode 14.0";
			developmentRegion = en;
			hasScannedForEncodings = 0;
			knownRegions = (
				en,
				Base,
			);
			mainGroup = 9BD9A819295CBB9300DCF551;
			packageReferences = (
				9BD9A83B295CBD4300DCF551 /* XCRemoteSwiftPackageReference "firebase-ios-sdk" */,
				9BD260612963852800AA78EB /* XCRemoteSwiftPackageReference "SDWebImage" */,
			);
			productRefGroup = 9BD9A823295CBB9300DCF551 /* Products */;
			projectDirPath = "";
			projectRoot = "";
			targets = (
				9BD9A821295CBB9300DCF551 /* PhotoSharingApp */,
			);
		};
/* End PBXProject section */

/* Begin PBXResourcesBuildPhase section */
		9BD9A820295CBB9300DCF551 /* Resources */ = {
			isa = PBXResourcesBuildPhase;
			buildActionMask = 2147483647;
			files = (
				9BD9A832295CBB9300DCF551 /* LaunchScreen.storyboard in Resources */,
				9BD9A83A295CBBAA00DCF551 /* GoogleService-Info.plist in Resources */,
				9BD9A82F295CBB9300DCF551 /* Assets.xcassets in Resources */,
				9BD9A82D295CBB9300DCF551 /* Main.storyboard in Resources */,
			);
			runOnlyForDeploymentPostprocessing = 0;
		};
/* End PBXResourcesBuildPhase section */

/* Begin PBXSourcesBuildPhase section */
		9BD9A81E295CBB9300DCF551 /* Sources */ = {
			isa = PBXSourcesBuildPhase;
			buildActionMask = 2147483647;
			files = (
				9BD2606029636A0000AA78EB /* FeedCell.swift in Sources */,
				9BD9A82A295CBB9300DCF551 /* ViewController.swift in Sources */,
				9BC8556F295E381A00CCD3A8 /* UploadViewController.swift in Sources */,
				9BD9A826295CBB9300DCF551 /* AppDelegate.swift in Sources */,
				9BC8556D295E37E700CCD3A8 /* FeedViewController.swift in Sources */,
				9BD9A828295CBB9300DCF551 /* SceneDelegate.swift in Sources */,
				9BC85571295E383000CCD3A8 /* SettingsViewController.swift in Sources */,
			);
			runOnlyForDeploymentPostprocessing = 0;
		};
/* End PBXSourcesBuildPhase section */

/* Begin PBXVariantGroup section */
		9BD9A82B295CBB9300DCF551 /* Main.storyboard */ = {
			isa = PBXVariantGroup;
			children = (
				9BD9A82C295CBB9300DCF551 /* Base */,
			);
			name = Main.storyboard;
			sourceTree = "<group>";
		};
		9BD9A830295CBB9300DCF551 /* LaunchScreen.storyboard */ = {
			isa = PBXVariantGroup;
			children = (
				9BD9A831295CBB9300DCF551 /* Base */,
			);
			name = LaunchScreen.storyboard;
			sourceTree = "<group>";
		};
/* End PBXVariantGroup section */

/* Begin XCBuildConfiguration section */
		9BD9A834295CBB9300DCF551 /* Debug */ = {
			isa = XCBuildConfiguration;
			buildSettings = {
				ALWAYS_SEARCH_USER_PATHS = NO;
				CLANG_ANALYZER_NONNULL = YES;
				CLANG_ANALYZER_NUMBER_OBJECT_CONVERSION = YES_AGGRESSIVE;
				CLANG_CXX_LANGUAGE_STANDARD = "gnu++20";
				CLANG_ENABLE_MODULES = YES;
				CLANG_ENABLE_OBJC_ARC = YES;
				CLANG_ENABLE_OBJC_WEAK = YES;
				CLANG_WARN_BLOCK_CAPTURE_AUTORELEASING = YES;
				CLANG_WARN_BOOL_CONVERSION = YES;
				CLANG_WARN_COMMA = YES;
				CLANG_WARN_CONSTANT_CONVERSION = YES;
				CLANG_WARN_DEPRECATED_OBJC_IMPLEMENTATIONS = YES;
				CLANG_WARN_DIRECT_OBJC_ISA_USAGE = YES_ERROR;
				CLANG_WARN_DOCUMENTATION_COMMENTS = YES;
				CLANG_WARN_EMPTY_BODY = YES;
				CLANG_WARN_ENUM_CONVERSION = YES;
				CLANG_WARN_INFINITE_RECURSION = YES;
				CLANG_WARN_INT_CONVERSION = YES;
				CLANG_WARN_NON_LITERAL_NULL_CONVERSION = YES;
				CLANG_WARN_OBJC_IMPLICIT_RETAIN_SELF = YES;
				CLANG_WARN_OBJC_LITERAL_CONVERSION = YES;
				CLANG_WARN_OBJC_ROOT_CLASS = YES_ERROR;
				CLANG_WARN_QUOTED_INCLUDE_IN_FRAMEWORK_HEADER = YES;
				CLANG_WARN_RANGE_LOOP_ANALYSIS = YES;
				CLANG_WARN_STRICT_PROTOTYPES = YES;
				CLANG_WARN_SUSPICIOUS_MOVE = YES;
				CLANG_WARN_UNGUARDED_AVAILABILITY = YES_AGGRESSIVE;
				CLANG_WARN_UNREACHABLE_CODE = YES;
				CLANG_WARN__DUPLICATE_METHOD_MATCH = YES;
				COPY_PHASE_STRIP = NO;
				DEBUG_INFORMATION_FORMAT = dwarf;
				ENABLE_STRICT_OBJC_MSGSEND = YES;
				ENABLE_TESTABILITY = YES;
				GCC_C_LANGUAGE_STANDARD = gnu11;
				GCC_DYNAMIC_NO_PIC = NO;
				GCC_NO_COMMON_BLOCKS = YES;
				GCC_OPTIMIZATION_LEVEL = 0;
				GCC_PREPROCESSOR_DEFINITIONS = (
					"DEBUG=1",
					"$(inherited)",
				);
				GCC_WARN_64_TO_32_BIT_CONVERSION = YES;
				GCC_WARN_ABOUT_RETURN_TYPE = YES_ERROR;
				GCC_WARN_UNDECLARED_SELECTOR = YES;
				GCC_WARN_UNINITIALIZED_AUTOS = YES_AGGRESSIVE;
				GCC_WARN_UNUSED_FUNCTION = YES;
				GCC_WARN_UNUSED_VARIABLE = YES;
				IPHONEOS_DEPLOYMENT_TARGET = 16.2;
				MTL_ENABLE_DEBUG_INFO = INCLUDE_SOURCE;
				MTL_FAST_MATH = YES;
				ONLY_ACTIVE_ARCH = YES;
				SDKROOT = iphoneos;
				SWIFT_ACTIVE_COMPILATION_CONDITIONS = DEBUG;
				SWIFT_OPTIMIZATION_LEVEL = "-Onone";
			};
			name = Debug;
		};
		9BD9A835295CBB9300DCF551 /* Release */ = {
			isa = XCBuildConfiguration;
			buildSettings = {
				ALWAYS_SEARCH_USER_PATHS = NO;
				CLANG_ANALYZER_NONNULL = YES;
				CLANG_ANALYZER_NUMBER_OBJECT_CONVERSION = YES_AGGRESSIVE;
				CLANG_CXX_LANGUAGE_STANDARD = "gnu++20";
				CLANG_ENABLE_MODULES = YES;
				CLANG_ENABLE_OBJC_ARC = YES;
				CLANG_ENABLE_OBJC_WEAK = YES;
				CLANG_WARN_BLOCK_CAPTURE_AUTORELEASING = YES;
				CLANG_WARN_BOOL_CONVERSION = YES;
				CLANG_WARN_COMMA = YES;
				CLANG_WARN_CONSTANT_CONVERSION = YES;
				CLANG_WARN_DEPRECATED_OBJC_IMPLEMENTATIONS = YES;
				CLANG_WARN_DIRECT_OBJC_ISA_USAGE = YES_ERROR;
				CLANG_WARN_DOCUMENTATION_COMMENTS = YES;
				CLANG_WARN_EMPTY_BODY = YES;
				CLANG_WARN_ENUM_CONVERSION = YES;
				CLANG_WARN_INFINITE_RECURSION = YES;
				CLANG_WARN_INT_CONVERSION = YES;
				CLANG_WARN_NON_LITERAL_NULL_CONVERSION = YES;
				CLANG_WARN_OBJC_IMPLICIT_RETAIN_SELF = YES;
				CLANG_WARN_OBJC_LITERAL_CONVERSION = YES;
				CLANG_WARN_OBJC_ROOT_CLASS = YES_ERROR;
				CLANG_WARN_QUOTED_INCLUDE_IN_FRAMEWORK_HEADER = YES;
				CLANG_WARN_RANGE_LOOP_ANALYSIS = YES;
				CLANG_WARN_STRICT_PROTOTYPES = YES;
				CLANG_WARN_SUSPICIOUS_MOVE = YES;
				CLANG_WARN_UNGUARDED_AVAILABILITY = YES_AGGRESSIVE;
				CLANG_WARN_UNREACHABLE_CODE = YES;
				CLANG_WARN__DUPLICATE_METHOD_MATCH = YES;
				COPY_PHASE_STRIP = NO;
				DEBUG_INFORMATION_FORMAT = "dwarf-with-dsym";
				ENABLE_NS_ASSERTIONS = NO;
				ENABLE_STRICT_OBJC_MSGSEND = YES;
				GCC_C_LANGUAGE_STANDARD = gnu11;
				GCC_NO_COMMON_BLOCKS = YES;
				GCC_WARN_64_TO_32_BIT_CONVERSION = YES;
				GCC_WARN_ABOUT_RETURN_TYPE = YES_ERROR;
				GCC_WARN_UNDECLARED_SELECTOR = YES;
				GCC_WARN_UNINITIALIZED_AUTOS = YES_AGGRESSIVE;
				GCC_WARN_UNUSED_FUNCTION = YES;
				GCC_WARN_UNUSED_VARIABLE = YES;
				IPHONEOS_DEPLOYMENT_TARGET = 16.2;
				MTL_ENABLE_DEBUG_INFO = NO;
				MTL_FAST_MATH = YES;
				SDKROOT = iphoneos;
				SWIFT_COMPILATION_MODE = wholemodule;
				SWIFT_OPTIMIZATION_LEVEL = "-O";
				VALIDATE_PRODUCT = YES;
			};
			name = Release;
		};
		9BD9A837295CBB9300DCF551 /* Debug */ = {
			isa = XCBuildConfiguration;
			buildSettings = {
				ASSETCATALOG_COMPILER_APPICON_NAME = AppIcon;
				ASSETCATALOG_COMPILER_GLOBAL_ACCENT_COLOR_NAME = AccentColor;
				CODE_SIGN_STYLE = Automatic;
				CURRENT_PROJECT_VERSION = 1;
				DEVELOPMENT_TEAM = YZDN4Z57LD;
				GENERATE_INFOPLIST_FILE = YES;
				INFOPLIST_FILE = PhotoSharingApp/Info.plist;
				INFOPLIST_KEY_UIApplicationSupportsIndirectInputEvents = YES;
				INFOPLIST_KEY_UILaunchStoryboardName = LaunchScreen;
				INFOPLIST_KEY_UIMainStoryboardFile = Main;
				INFOPLIST_KEY_UISupportedInterfaceOrientations_iPad = "UIInterfaceOrientationPortrait UIInterfaceOrientationPortraitUpsideDown UIInterfaceOrientationLandscapeLeft UIInterfaceOrientationLandscapeRight";
				INFOPLIST_KEY_UISupportedInterfaceOrientations_iPhone = "UIInterfaceOrientationPortrait UIInterfaceOrientationLandscapeLeft UIInterfaceOrientationLandscapeRight";
				IPHONEOS_DEPLOYMENT_TARGET = 15.0;
				LD_RUNPATH_SEARCH_PATHS = (
					"$(inherited)",
					"@executable_path/Frameworks",
				);
				MARKETING_VERSION = 1.0;
				PRODUCT_BUNDLE_IDENTIFIER = com.alpertoo.PhotoSharingApp;
				PRODUCT_NAME = "$(TARGET_NAME)";
				SUPPORTED_PLATFORMS = "iphoneos iphonesimulator";
				SUPPORTS_MACCATALYST = NO;
				SUPPORTS_MAC_DESIGNED_FOR_IPHONE_IPAD = NO;
				SWIFT_EMIT_LOC_STRINGS = YES;
				SWIFT_VERSION = 5.0;
				TARGETED_DEVICE_FAMILY = 1;
			};
			name = Debug;
		};
		9BD9A838295CBB9300DCF551 /* Release */ = {
			isa = XCBuildConfiguration;
			buildSettings = {
				ASSETCATALOG_COMPILER_APPICON_NAME = AppIcon;
				ASSETCATALOG_COMPILER_GLOBAL_ACCENT_COLOR_NAME = AccentColor;
				CODE_SIGN_STYLE = Automatic;
				CURRENT_PROJECT_VERSION = 1;
				DEVELOPMENT_TEAM = YZDN4Z57LD;
				GENERATE_INFOPLIST_FILE = YES;
				INFOPLIST_FILE = PhotoSharingApp/Info.plist;
				INFOPLIST_KEY_UIApplicationSupportsIndirectInputEvents = YES;
				INFOPLIST_KEY_UILaunchStoryboardName = LaunchScreen;
				INFOPLIST_KEY_UIMainStoryboardFile = Main;
				INFOPLIST_KEY_UISupportedInterfaceOrientations_iPad = "UIInterfaceOrientationPortrait UIInterfaceOrientationPortraitUpsideDown UIInterfaceOrientationLandscapeLeft UIInterfaceOrientationLandscapeRight";
				INFOPLIST_KEY_UISupportedInterfaceOrientations_iPhone = "UIInterfaceOrientationPortrait UIInterfaceOrientationLandscapeLeft UIInterfaceOrientationLandscapeRight";
				IPHONEOS_DEPLOYMENT_TARGET = 15.0;
				LD_RUNPATH_SEARCH_PATHS = (
					"$(inherited)",
					"@executable_path/Frameworks",
				);
				MARKETING_VERSION = 1.0;
				PRODUCT_BUNDLE_IDENTIFIER = com.alpertoo.PhotoSharingApp;
				PRODUCT_NAME = "$(TARGET_NAME)";
				SUPPORTED_PLATFORMS = "iphoneos iphonesimulator";
				SUPPORTS_MACCATALYST = NO;
				SUPPORTS_MAC_DESIGNED_FOR_IPHONE_IPAD = NO;
				SWIFT_EMIT_LOC_STRINGS = YES;
				SWIFT_VERSION = 5.0;
				TARGETED_DEVICE_FAMILY = 1;
			};
			name = Release;
		};
/* End XCBuildConfiguration section */

/* Begin XCConfigurationList section */
		9BD9A81D295CBB9300DCF551 /* Build configuration list for PBXProject "PhotoSharingApp" */ = {
			isa = XCConfigurationList;
			buildConfigurations = (
				9BD9A834295CBB9300DCF551 /* Debug */,
				9BD9A835295CBB9300DCF551 /* Release */,
			);
			defaultConfigurationIsVisible = 0;
			defaultConfigurationName = Release;
		};
		9BD9A836295CBB9300DCF551 /* Build configuration list for PBXNativeTarget "PhotoSharingApp" */ = {
			isa = XCConfigurationList;
			buildConfigurations = (
				9BD9A837295CBB9300DCF551 /* Debug */,
				9BD9A838295CBB9300DCF551 /* Release */,
			);
			defaultConfigurationIsVisible = 0;
			defaultConfigurationName = Release;
		};
/* End XCConfigurationList section */

/* Begin XCRemoteSwiftPackageReference section */
		9BD260612963852800AA78EB /* XCRemoteSwiftPackageReference "SDWebImage" */ = {
			isa = XCRemoteSwiftPackageReference;
			repositoryURL = "https://github.com/SDWebImage/SDWebImage.git";
			requirement = {
				kind = upToNextMajorVersion;
				minimumVersion = 5.0.0;
			};
		};
		9BD9A83B295CBD4300DCF551 /* XCRemoteSwiftPackageReference "firebase-ios-sdk" */ = {
			isa = XCRemoteSwiftPackageReference;
			repositoryURL = "https://github.com/firebase/firebase-ios-sdk";
			requirement = {
				kind = upToNextMajorVersion;
				minimumVersion = 9.0.0;
			};
		};
/* End XCRemoteSwiftPackageReference section */

/* Begin XCSwiftPackageProductDependency section */
		9BD260622963852800AA78EB /* SDWebImage */ = {
			isa = XCSwiftPackageProductDependency;
			package = 9BD260612963852800AA78EB /* XCRemoteSwiftPackageReference "SDWebImage" */;
			productName = SDWebImage;
		};
		9BD9A83C295CBD4300DCF551 /* FirebaseAuth */ = {
			isa = XCSwiftPackageProductDependency;
			package = 9BD9A83B295CBD4300DCF551 /* XCRemoteSwiftPackageReference "firebase-ios-sdk" */;
			productName = FirebaseAuth;
		};
		9BD9A83E295CBD4300DCF551 /* FirebaseFirestore */ = {
			isa = XCSwiftPackageProductDependency;
			package = 9BD9A83B295CBD4300DCF551 /* XCRemoteSwiftPackageReference "firebase-ios-sdk" */;
			productName = FirebaseFirestore;
		};
		9BD9A840295CBD4300DCF551 /* FirebaseStorage */ = {
			isa = XCSwiftPackageProductDependency;
			package = 9BD9A83B295CBD4300DCF551 /* XCRemoteSwiftPackageReference "firebase-ios-sdk" */;
			productName = FirebaseStorage;
		};
/* End XCSwiftPackageProductDependency section */
	};
	rootObject = 9BD9A81A295CBB9300DCF551 /* Project object */;
}
